
Microsoft Visual Studio Solution File, Format Version 12.00
# Visual Studio Version 17
VisualStudioVersion = 17.13.35919.96 d17.13
MinimumVisualStudioVersion = 10.0.40219.1
Project("{FAE04EC0-301F-11D3-BF4B-00C04F79EFBC}") = "WebServerDemo", "WebServerDemo\WebServerDemo.csproj", "{87478F03-46DD-4988-B9CD-EF3DADE5D84D}"
EndProject
Project("{FAE04EC0-301F-11D3-BF4B-00C04F79EFBC}") = "WebServerDemo.Server", "WebServerDemo.Server\WebServerDemo.Server.csproj", "{AA2EE897-A637-40E6-9C0B-D26B82592183}"
EndProject
Global
	GlobalSection(SolutionConfigurationPlatforms) = preSolution
		Debug|Any CPU = Debug|Any CPU
		Release|Any CPU = Release|Any CPU
	EndGlobalSection
	GlobalSection(ProjectConfigurationPlatforms) = postSolution
		{87478F03-46DD-4988-B9CD-EF3DADE5D84D}.Debug|Any CPU.ActiveCfg = Debug|Any CPU
		{87478F03-46DD-4988-B9CD-EF3DADE5D84D}.Debug|Any CPU.Build.0 = Debug|Any CPU
		{87478F03-46DD-4988-B9CD-EF3DADE5D84D}.Release|Any CPU.ActiveCfg = Release|Any CPU
		{87478F03-46DD-4988-B9CD-EF3DADE5D84D}.Release|Any CPU.Build.0 = Release|Any CPU
		{AA2EE897-A637-40E6-9C0B-D26B82592183}.Debug|Any CPU.ActiveCfg = Debug|Any CPU
		{AA2EE897-A637-40E6-9C0B-D26B82592183}.Debug|Any CPU.Build.0 = Debug|Any CPU
		{AA2EE897-A637-40E6-9C0B-D26B82592183}.Release|Any CPU.ActiveCfg = Release|Any CPU
		{AA2EE897-A637-40E6-9C0B-D26B82592183}.Release|Any CPU.Build.0 = Release|Any CPU
	EndGlobalSection
	GlobalSection(SolutionProperties) = preSolution
		HideSolutionNode = FALSE
	EndGlobalSection
	GlobalSection(ExtensibilityGlobals) = postSolution
		SolutionGuid = {DE2769BC-C59B-4E62-98EA-0ED5237D8D8E}
	EndGlobalSection
EndGlobal
